{
  "name": "descartia-js",
  "version": "1.0.0",
  "lockfileVersion": 1,
  "requires": true,
  "dependencies": {
    "commander": {
      "version": "2.20.3",
      "resolved": "https://registry.npmjs.org/commander/-/commander-2.20.3.tgz",
      "integrity": "sha512-GpVkmM8vF2vQUkj2LvZmD35JxeJOLCwJ9cUkugyk2nuhbv3+mJvpLYYt+0+USMxE+oj+ey/lJEnhZw75x/OMcQ==",
      "dev": true
    },
    "source-map": {
      "version": "0.6.1",
      "resolved": "https://registry.npmjs.org/source-map/-/source-map-0.6.1.tgz",
      "integrity": "sha512-UjgapumWlbMhkBgzT7Ykc5YXUT46F0iKu8SGXq0bcwP5dz/h0Plj6enJqjz1Zbq2l5WaqYnrVbwWOWMyF3F47g==",
      "dev": true
    },
    "uglify-js": {
      "version": "3.7.3",
      "resolved": "https://registry.npmjs.org/uglify-js/-/uglify-js-3.7.3.tgz",
      "integrity": "sha512-7tINm46/3puUA4hCkKYo4Xdts+JDaVC9ZPRcG8Xw9R4nhO/gZgUM3TENq8IF4Vatk8qCig4MzP/c8G4u2BkVQg==",
      "dev": true,
      "requires": {
        "commander": "~2.20.3",
        "source-map": "~0.6.1"
      }
    },
    "uglify-save-license": {
      "version": "0.4.1",
      "resolved": "https://registry.npmjs.org/uglify-save-license/-/uglify-save-license-0.4.1.tgz",
      "integrity": "sha1-lXJsF8xv0XHDYX479NjYKqjEzOE=",
      "dev": true
    }
  }
}
